
Microsoft Visual Studio Solution File, Format Version 12.00
# Visual Studio Version 17
VisualStudioVersion = 17.10.35122.118
MinimumVisualStudioVersion = 10.0.40219.1
Project("{9A19103F-16F7-4668-BE54-9A1E7A4F7556}") = "Plugin.Maui.Intercom", "Plugin.Maui.Feature\Plugin.Maui.Intercom.csproj", "{2012F564-B8C7-4CEB-8495-1BCB1B0EB638}"
EndProject
Project("{2150E333-8FDC-42A3-9474-1A3956D46DE8}") = "android", "android", "{147BAB5F-4387-44F6-9421-A4DE5D2B98A1}"
EndProject
Project("{9A19103F-16F7-4668-BE54-9A1E7A4F7556}") = "Intercom.Android.Binding", "android\Intercom.Android.Binding\Intercom.Android.Binding.csproj", "{1A0CC8A5-1BD0-4FCD-AE64-1B97369655E6}"
EndProject
Project("{2150E333-8FDC-42A3-9474-1A3956D46DE8}") = "macios", "macios", "{9C1F4E96-966E-4082-AD85-CABE193FDBC1}"
EndProject
Project("{9A19103F-16F7-4668-BE54-9A1E7A4F7556}") = "Intercom.MaciOS.Binding", "macios\Intercom.MaciOS.Binding\Intercom.MaciOS.Binding.csproj", "{3F7372BE-8E37-4460-AEAF-ED27D5D03473}"
EndProject
Project("{2150E333-8FDC-42A3-9474-1A3956D46DE8}") = "Solution Items", "Solution Items", "{92BFDE23-B146-4D43-9915-DA071A20D5D0}"
	ProjectSection(SolutionItems) = preProject
		..\.editorconfig = ..\.editorconfig
		..\.github\workflows\ci-sample.yml = ..\.github\workflows\ci-sample.yml
		..\.github\workflows\ci.yml = ..\.github\workflows\ci.yml
		NuGet.Config = NuGet.Config
		..\README.md = ..\README.md
		..\.github\workflows\release-nuget.yml = ..\.github\workflows\release-nuget.yml
	EndProjectSection
EndProject
Project("{9A19103F-16F7-4668-BE54-9A1E7A4F7556}") = "MauiSample", "sample\MauiSample.csproj", "{6A3C6937-CDF0-4CA0-A320-F3360E2BF4E6}"
EndProject
Global
	GlobalSection(SolutionConfigurationPlatforms) = preSolution
		Debug|Any CPU = Debug|Any CPU
		Release|Any CPU = Release|Any CPU
	EndGlobalSection
	GlobalSection(ProjectConfigurationPlatforms) = postSolution
		{2012F564-B8C7-4CEB-8495-1BCB1B0EB638}.Debug|Any CPU.ActiveCfg = Debug|Any CPU
		{2012F564-B8C7-4CEB-8495-1BCB1B0EB638}.Debug|Any CPU.Build.0 = Debug|Any CPU
		{2012F564-B8C7-4CEB-8495-1BCB1B0EB638}.Release|Any CPU.ActiveCfg = Release|Any CPU
		{2012F564-B8C7-4CEB-8495-1BCB1B0EB638}.Release|Any CPU.Build.0 = Release|Any CPU
		{1A0CC8A5-1BD0-4FCD-AE64-1B97369655E6}.Debug|Any CPU.ActiveCfg = Debug|Any CPU
		{1A0CC8A5-1BD0-4FCD-AE64-1B97369655E6}.Debug|Any CPU.Build.0 = Debug|Any CPU
		{1A0CC8A5-1BD0-4FCD-AE64-1B97369655E6}.Release|Any CPU.ActiveCfg = Release|Any CPU
		{1A0CC8A5-1BD0-4FCD-AE64-1B97369655E6}.Release|Any CPU.Build.0 = Release|Any CPU
		{3F7372BE-8E37-4460-AEAF-ED27D5D03473}.Debug|Any CPU.ActiveCfg = Debug|Any CPU
		{3F7372BE-8E37-4460-AEAF-ED27D5D03473}.Release|Any CPU.ActiveCfg = Release|Any CPU
		{3F7372BE-8E37-4460-AEAF-ED27D5D03473}.Release|Any CPU.Build.0 = Release|Any CPU
		{6A3C6937-CDF0-4CA0-A320-F3360E2BF4E6}.Debug|Any CPU.ActiveCfg = Debug|Any CPU
		{6A3C6937-CDF0-4CA0-A320-F3360E2BF4E6}.Debug|Any CPU.Build.0 = Debug|Any CPU
		{6A3C6937-CDF0-4CA0-A320-F3360E2BF4E6}.Debug|Any CPU.Deploy.0 = Debug|Any CPU
		{6A3C6937-CDF0-4CA0-A320-F3360E2BF4E6}.Release|Any CPU.ActiveCfg = Release|Any CPU
		{6A3C6937-CDF0-4CA0-A320-F3360E2BF4E6}.Release|Any CPU.Build.0 = Release|Any CPU
		{6A3C6937-CDF0-4CA0-A320-F3360E2BF4E6}.Release|Any CPU.Deploy.0 = Release|Any CPU
	EndGlobalSection
	GlobalSection(SolutionProperties) = preSolution
		HideSolutionNode = FALSE
	EndGlobalSection
	GlobalSection(NestedProjects) = preSolution
		{1A0CC8A5-1BD0-4FCD-AE64-1B97369655E6} = {147BAB5F-4387-44F6-9421-A4DE5D2B98A1}
		{3F7372BE-8E37-4460-AEAF-ED27D5D03473} = {9C1F4E96-966E-4082-AD85-CABE193FDBC1}
	EndGlobalSection
	GlobalSection(ExtensibilityGlobals) = postSolution
		SolutionGuid = {9C1A5250-4B63-4ABE-9E4A-65064808F863}
	EndGlobalSection
EndGlobal
